// !$*UTF8*$!
{
	archiveVersion = 1;
	classes = {
	};
	objectVersion = 56;
	objects = {

/* Begin PBXBuildFile section */
		5D2473862B91248E00EBCDB2 /* HomeView.swift in Sources */ = {isa = PBXBuildFile; fileRef = 5D2473852B91248E00EBCDB2 /* HomeView.swift */; };
		5D2473892B91250E00EBCDB2 /* View+Extensions.swift in Sources */ = {isa = PBXBuildFile; fileRef = 5D2473882B91250E00EBCDB2 /* View+Extensions.swift */; };
		5D24738B2B91252000EBCDB2 /* Date+Extensions.swift in Sources */ = {isa = PBXBuildFile; fileRef = 5D24738A2B91252000EBCDB2 /* Date+Extensions.swift */; };
		5D24738E2B91255400EBCDB2 /* CardView.swift in Sources */ = {isa = PBXBuildFile; fileRef = 5D24738D2B91255400EBCDB2 /* CardView.swift */; };
		5D2473912B91257C00EBCDB2 /* Category.swift in Sources */ = {isa = PBXBuildFile; fileRef = 5D2473902B91257C00EBCDB2 /* Category.swift */; };
		5D2473932B9125A200EBCDB2 /* Constants.swift in Sources */ = {isa = PBXBuildFile; fileRef = 5D2473922B9125A200EBCDB2 /* Constants.swift */; };
		5D2473952B9125C100EBCDB2 /* Transaction.swift in Sources */ = {isa = PBXBuildFile; fileRef = 5D2473942B9125C100EBCDB2 /* Transaction.swift */; };
		5D2473972B9125D900EBCDB2 /* CardTransaction.swift in Sources */ = {isa = PBXBuildFile; fileRef = 5D2473962B9125D900EBCDB2 /* CardTransaction.swift */; };
		5D2473992B91260700EBCDB2 /* TintColor.swift in Sources */ = {isa = PBXBuildFile; fileRef = 5D2473982B91260700EBCDB2 /* TintColor.swift */; };
		5D24739B2B9126B100EBCDB2 /* Tab.swift in Sources */ = {isa = PBXBuildFile; fileRef = 5D24739A2B9126B100EBCDB2 /* Tab.swift */; };
		5D24739E2B91271800EBCDB2 /* IntroScreen.swift in Sources */ = {isa = PBXBuildFile; fileRef = 5D24739D2B91271800EBCDB2 /* IntroScreen.swift */; };
		5D2473A12B91285300EBCDB2 /* PreferenciasView.swift in Sources */ = {isa = PBXBuildFile; fileRef = 5D2473A02B91285300EBCDB2 /* PreferenciasView.swift */; };
		5DC6AD622B8699100092CA51 /* GestionAhorrosSwiftApp.swift in Sources */ = {isa = PBXBuildFile; fileRef = 5DC6AD612B8699100092CA51 /* GestionAhorrosSwiftApp.swift */; };
		5DC6AD642B8699100092CA51 /* ContentView.swift in Sources */ = {isa = PBXBuildFile; fileRef = 5DC6AD632B8699100092CA51 /* ContentView.swift */; };
		5DC6AD662B8699110092CA51 /* Assets.xcassets in Resources */ = {isa = PBXBuildFile; fileRef = 5DC6AD652B8699110092CA51 /* Assets.xcassets */; };
		5DC6AD6A2B8699110092CA51 /* Preview Assets.xcassets in Resources */ = {isa = PBXBuildFile; fileRef = 5DC6AD692B8699110092CA51 /* Preview Assets.xcassets */; };
		5DC6AD732B89151F0092CA51 /* MenuView.swift in Sources */ = {isa = PBXBuildFile; fileRef = 5DC6AD722B89151F0092CA51 /* MenuView.swift */; };
/* End PBXBuildFile section */

/* Begin PBXFileReference section */
		5D2473852B91248E00EBCDB2 /* HomeView.swift */ = {isa = PBXFileReference; lastKnownFileType = sourcecode.swift; path = HomeView.swift; sourceTree = "<group>"; };
		5D2473882B91250E00EBCDB2 /* View+Extensions.swift */ = {isa = PBXFileReference; lastKnownFileType = sourcecode.swift; path = "View+Extensions.swift"; sourceTree = "<group>"; };
		5D24738A2B91252000EBCDB2 /* Date+Extensions.swift */ = {isa = PBXFileReference; lastKnownFileType = sourcecode.swift; path = "Date+Extensions.swift"; sourceTree = "<group>"; };
		5D24738D2B91255400EBCDB2 /* CardView.swift */ = {isa = PBXFileReference; lastKnownFileType = sourcecode.swift; path = CardView.swift; sourceTree = "<group>"; };
		5D2473902B91257C00EBCDB2 /* Category.swift */ = {isa = PBXFileReference; lastKnownFileType = sourcecode.swift; path = Category.swift; sourceTree = "<group>"; };
		5D2473922B9125A200EBCDB2 /* Constants.swift */ = {isa = PBXFileReference; lastKnownFileType = sourcecode.swift; path = Constants.swift; sourceTree = "<group>"; };
		5D2473942B9125C100EBCDB2 /* Transaction.swift */ = {isa = PBXFileReference; lastKnownFileType = sourcecode.swift; path = Transaction.swift; sourceTree = "<group>"; };
		5D2473962B9125D900EBCDB2 /* CardTransaction.swift */ = {isa = PBXFileReference; lastKnownFileType = sourcecode.swift; path = CardTransaction.swift; sourceTree = "<group>"; };
		5D2473982B91260700EBCDB2 /* TintColor.swift */ = {isa = PBXFileReference; lastKnownFileType = sourcecode.swift; path = TintColor.swift; sourceTree = "<group>"; };
		5D24739A2B9126B100EBCDB2 /* Tab.swift */ = {isa = PBXFileReference; lastKnownFileType = sourcecode.swift; path = Tab.swift; sourceTree = "<group>"; };
		5D24739D2B91271800EBCDB2 /* IntroScreen.swift */ = {isa = PBXFileReference; lastKnownFileType = sourcecode.swift; path = IntroScreen.swift; sourceTree = "<group>"; };
		5D2473A02B91285300EBCDB2 /* PreferenciasView.swift */ = {isa = PBXFileReference; lastKnownFileType = sourcecode.swift; path = PreferenciasView.swift; sourceTree = "<group>"; };
		5DC6AD5E2B8699100092CA51 /* GestionAhorrosSwift.app */ = {isa = PBXFileReference; explicitFileType = wrapper.application; includeInIndex = 0; path = GestionAhorrosSwift.app; sourceTree = BUILT_PRODUCTS_DIR; };
		5DC6AD612B8699100092CA51 /* GestionAhorrosSwiftApp.swift */ = {isa = PBXFileReference; lastKnownFileType = sourcecode.swift; path = GestionAhorrosSwiftApp.swift; sourceTree = "<group>"; };
		5DC6AD632B8699100092CA51 /* ContentView.swift */ = {isa = PBXFileReference; lastKnownFileType = sourcecode.swift; path = ContentView.swift; sourceTree = "<group>"; };
		5DC6AD652B8699110092CA51 /* Assets.xcassets */ = {isa = PBXFileReference; lastKnownFileType = folder.assetcatalog; path = Assets.xcassets; sourceTree = "<group>"; };
		5DC6AD672B8699110092CA51 /* GestionAhorrosSwift.entitlements */ = {isa = PBXFileReference; lastKnownFileType = text.plist.entitlements; path = GestionAhorrosSwift.entitlements; sourceTree = "<group>"; };
		5DC6AD692B8699110092CA51 /* Preview Assets.xcassets */ = {isa = PBXFileReference; lastKnownFileType = folder.assetcatalog; path = "Preview Assets.xcassets"; sourceTree = "<group>"; };
		5DC6AD722B89151F0092CA51 /* MenuView.swift */ = {isa = PBXFileReference; lastKnownFileType = sourcecode.swift; path = MenuView.swift; sourceTree = "<group>"; };
/* End PBXFileReference section */

/* Begin PBXFrameworksBuildPhase section */
		5DC6AD5B2B8699100092CA51 /* Frameworks */ = {
			isa = PBXFrameworksBuildPhase;
			buildActionMask = 2147483647;
			files = (
			);
			runOnlyForDeploymentPostprocessing = 0;
		};
/* End PBXFrameworksBuildPhase section */

/* Begin PBXGroup section */
		5D2473832B91247300EBCDB2 /* TabViews */ = {
			isa = PBXGroup;
			children = (
				5D24739F2B91284500EBCDB2 /* Preferencias */,
				5D2473842B91248000EBCDB2 /* Home */,
			);
			path = TabViews;
			sourceTree = "<group>";
		};
		5D2473842B91248000EBCDB2 /* Home */ = {
			isa = PBXGroup;
			children = (
				5D24738C2B91253E00EBCDB2 /* Components */,
				5D2473852B91248E00EBCDB2 /* HomeView.swift */,
			);
			path = Home;
			sourceTree = "<group>";
		};
		5D2473872B91250200EBCDB2 /* Helpers */ = {
			isa = PBXGroup;
			children = (
				5D2473882B91250E00EBCDB2 /* View+Extensions.swift */,
				5D24738A2B91252000EBCDB2 /* Date+Extensions.swift */,
				5D2473922B9125A200EBCDB2 /* Constants.swift */,
			);
			path = Helpers;
			sourceTree = "<group>";
		};
		5D24738C2B91253E00EBCDB2 /* Components */ = {
			isa = PBXGroup;
			children = (
				5D24738D2B91255400EBCDB2 /* CardView.swift */,
				5D2473962B9125D900EBCDB2 /* CardTransaction.swift */,
			);
			path = Components;
			sourceTree = "<group>";
		};
		5D24738F2B91257400EBCDB2 /* Model */ = {
			isa = PBXGroup;
			children = (
				5D2473902B91257C00EBCDB2 /* Category.swift */,
				5D2473942B9125C100EBCDB2 /* Transaction.swift */,
				5D2473982B91260700EBCDB2 /* TintColor.swift */,
				5D24739A2B9126B100EBCDB2 /* Tab.swift */,
			);
			path = Model;
			sourceTree = "<group>";
		};
		5D24739C2B91270800EBCDB2 /* Intro */ = {
			isa = PBXGroup;
			children = (
				5D24739D2B91271800EBCDB2 /* IntroScreen.swift */,
			);
			path = Intro;
			sourceTree = "<group>";
		};
		5D24739F2B91284500EBCDB2 /* Preferencias */ = {
			isa = PBXGroup;
			children = (
				5D2473A02B91285300EBCDB2 /* PreferenciasView.swift */,
			);
			path = Preferencias;
			sourceTree = "<group>";
		};
		5DC6AD552B8699100092CA51 = {
			isa = PBXGroup;
			children = (
				5DC6AD602B8699100092CA51 /* GestionAhorrosSwift */,
				5DC6AD5F2B8699100092CA51 /* Products */,
			);
			sourceTree = "<group>";
		};
		5DC6AD5F2B8699100092CA51 /* Products */ = {
			isa = PBXGroup;
			children = (
				5DC6AD5E2B8699100092CA51 /* GestionAhorrosSwift.app */,
			);
			name = Products;
			sourceTree = "<group>";
		};
		5DC6AD602B8699100092CA51 /* GestionAhorrosSwift */ = {
			isa = PBXGroup;
			children = (
				5D24738F2B91257400EBCDB2 /* Model */,
				5D2473872B91250200EBCDB2 /* Helpers */,
				5DC6AD702B8914FF0092CA51 /* Presentation */,
				5DC6AD612B8699100092CA51 /* GestionAhorrosSwiftApp.swift */,
				5DC6AD632B8699100092CA51 /* ContentView.swift */,
				5DC6AD652B8699110092CA51 /* Assets.xcassets */,
				5DC6AD672B8699110092CA51 /* GestionAhorrosSwift.entitlements */,
				5DC6AD682B8699110092CA51 /* Preview Content */,
			);
			path = GestionAhorrosSwift;
			sourceTree = "<group>";
		};
		5DC6AD682B8699110092CA51 /* Preview Content */ = {
			isa = PBXGroup;
			children = (
				5DC6AD692B8699110092CA51 /* Preview Assets.xcassets */,
			);
			path = "Preview Content";
			sourceTree = "<group>";
		};
		5DC6AD702B8914FF0092CA51 /* Presentation */ = {
			isa = PBXGroup;
			children = (
				5D24739C2B91270800EBCDB2 /* Intro */,
				5D2473832B91247300EBCDB2 /* TabViews */,
				5DC6AD712B8915090092CA51 /* Menu */,
			);
			path = Presentation;
			sourceTree = "<group>";
		};
		5DC6AD712B8915090092CA51 /* Menu */ = {
			isa = PBXGroup;
			children = (
				5DC6AD722B89151F0092CA51 /* MenuView.swift */,
			);
			path = Menu;
			sourceTree = "<group>";
		};
/* End PBXGroup section */

/* Begin PBXNativeTarget section */
		5DC6AD5D2B8699100092CA51 /* GestionAhorrosSwift */ = {
			isa = PBXNativeTarget;
			buildConfigurationList = 5DC6AD6D2B8699110092CA51 /* Build configuration list for PBXNativeTarget "GestionAhorrosSwift" */;
			buildPhases = (
				5DC6AD5A2B8699100092CA51 /* Sources */,
				5DC6AD5B2B8699100092CA51 /* Frameworks */,
				5DC6AD5C2B8699100092CA51 /* Resources */,
			);
			buildRules = (
			);
			dependencies = (
			);
			name = GestionAhorrosSwift;
			productName = GestionAhorrosSwift;
			productReference = 5DC6AD5E2B8699100092CA51 /* GestionAhorrosSwift.app */;
			productType = "com.apple.product-type.application";
		};
/* End PBXNativeTarget section */

/* Begin PBXProject section */
		5DC6AD562B8699100092CA51 /* Project object */ = {
			isa = PBXProject;
			attributes = {
				BuildIndependentTargetsInParallel = 1;
				LastSwiftUpdateCheck = 1520;
				LastUpgradeCheck = 1520;
				TargetAttributes = {
					5DC6AD5D2B8699100092CA51 = {
						CreatedOnToolsVersion = 15.2;
					};
				};
			};
			buildConfigurationList = 5DC6AD592B8699100092CA51 /* Build configuration list for PBXProject "GestionAhorrosSwift" */;
			compatibilityVersion = "Xcode 14.0";
			developmentRegion = en;
			hasScannedForEncodings = 0;
			knownRegions = (
				en,
				Base,
			);
			mainGroup = 5DC6AD552B8699100092CA51;
			productRefGroup = 5DC6AD5F2B8699100092CA51 /* Products */;
			projectDirPath = "";
			projectRoot = "";
			targets = (
				5DC6AD5D2B8699100092CA51 /* GestionAhorrosSwift */,
			);
		};
/* End PBXProject section */

/* Begin PBXResourcesBuildPhase section */
		5DC6AD5C2B8699100092CA51 /* Resources */ = {
			isa = PBXResourcesBuildPhase;
			buildActionMask = 2147483647;
			files = (
				5DC6AD6A2B8699110092CA51 /* Preview Assets.xcassets in Resources */,
				5DC6AD662B8699110092CA51 /* Assets.xcassets in Resources */,
			);
			runOnlyForDeploymentPostprocessing = 0;
		};
/* End PBXResourcesBuildPhase section */

/* Begin PBXSourcesBuildPhase section */
		5DC6AD5A2B8699100092CA51 /* Sources */ = {
			isa = PBXSourcesBuildPhase;
			buildActionMask = 2147483647;
			files = (
				5D24738E2B91255400EBCDB2 /* CardView.swift in Sources */,
				5DC6AD642B8699100092CA51 /* ContentView.swift in Sources */,
				5D2473A12B91285300EBCDB2 /* PreferenciasView.swift in Sources */,
				5D24739E2B91271800EBCDB2 /* IntroScreen.swift in Sources */,
				5D2473862B91248E00EBCDB2 /* HomeView.swift in Sources */,
				5DC6AD732B89151F0092CA51 /* MenuView.swift in Sources */,
				5D2473992B91260700EBCDB2 /* TintColor.swift in Sources */,
				5D2473952B9125C100EBCDB2 /* Transaction.swift in Sources */,
				5D2473892B91250E00EBCDB2 /* View+Extensions.swift in Sources */,
				5D24739B2B9126B100EBCDB2 /* Tab.swift in Sources */,
				5DC6AD622B8699100092CA51 /* GestionAhorrosSwiftApp.swift in Sources */,
				5D24738B2B91252000EBCDB2 /* Date+Extensions.swift in Sources */,
				5D2473972B9125D900EBCDB2 /* CardTransaction.swift in Sources */,
				5D2473912B91257C00EBCDB2 /* Category.swift in Sources */,
				5D2473932B9125A200EBCDB2 /* Constants.swift in Sources */,
			);
			runOnlyForDeploymentPostprocessing = 0;
		};
/* End PBXSourcesBuildPhase section */

/* Begin XCBuildConfiguration section */
		5DC6AD6B2B8699110092CA51 /* Debug */ = {
			isa = XCBuildConfiguration;
			buildSettings = {
				ALWAYS_SEARCH_USER_PATHS = NO;
				ASSETCATALOG_COMPILER_GENERATE_SWIFT_ASSET_SYMBOL_EXTENSIONS = YES;
				CLANG_ANALYZER_NONNULL = YES;
				CLANG_ANALYZER_NUMBER_OBJECT_CONVERSION = YES_AGGRESSIVE;
				CLANG_CXX_LANGUAGE_STANDARD = "gnu++20";
				CLANG_ENABLE_MODULES = YES;
				CLANG_ENABLE_OBJC_ARC = YES;
				CLANG_ENABLE_OBJC_WEAK = YES;
				CLANG_WARN_BLOCK_CAPTURE_AUTORELEASING = YES;
				CLANG_WARN_BOOL_CONVERSION = YES;
				CLANG_WARN_COMMA = YES;
				CLANG_WARN_CONSTANT_CONVERSION = YES;
				CLANG_WARN_DEPRECATED_OBJC_IMPLEMENTATIONS = YES;
				CLANG_WARN_DIRECT_OBJC_ISA_USAGE = YES_ERROR;
				CLANG_WARN_DOCUMENTATION_COMMENTS = YES;
				CLANG_WARN_EMPTY_BODY = YES;
				CLANG_WARN_ENUM_CONVERSION = YES;
				CLANG_WARN_INFINITE_RECURSION = YES;
				CLANG_WARN_INT_CONVERSION = YES;
				CLANG_WARN_NON_LITERAL_NULL_CONVERSION = YES;
				CLANG_WARN_OBJC_IMPLICIT_RETAIN_SELF = YES;
				CLANG_WARN_OBJC_LITERAL_CONVERSION = YES;
				CLANG_WARN_OBJC_ROOT_CLASS = YES_ERROR;
				CLANG_WARN_QUOTED_INCLUDE_IN_FRAMEWORK_HEADER = YES;
				CLANG_WARN_RANGE_LOOP_ANALYSIS = YES;
				CLANG_WARN_STRICT_PROTOTYPES = YES;
				CLANG_WARN_SUSPICIOUS_MOVE = YES;
				CLANG_WARN_UNGUARDED_AVAILABILITY = YES_AGGRESSIVE;
				CLANG_WARN_UNREACHABLE_CODE = YES;
				CLANG_WARN__DUPLICATE_METHOD_MATCH = YES;
				COPY_PHASE_STRIP = NO;
				DEBUG_INFORMATION_FORMAT = dwarf;
				ENABLE_STRICT_OBJC_MSGSEND = YES;
				ENABLE_TESTABILITY = YES;
				ENABLE_USER_SCRIPT_SANDBOXING = YES;
				GCC_C_LANGUAGE_STANDARD = gnu17;
				GCC_DYNAMIC_NO_PIC = NO;
				GCC_NO_COMMON_BLOCKS = YES;
				GCC_OPTIMIZATION_LEVEL = 0;
				GCC_PREPROCESSOR_DEFINITIONS = (
					"DEBUG=1",
					"$(inherited)",
				);
				GCC_WARN_64_TO_32_BIT_CONVERSION = YES;
				GCC_WARN_ABOUT_RETURN_TYPE = YES_ERROR;
				GCC_WARN_UNDECLARED_SELECTOR = YES;
				GCC_WARN_UNINITIALIZED_AUTOS = YES_AGGRESSIVE;
				GCC_WARN_UNUSED_FUNCTION = YES;
				GCC_WARN_UNUSED_VARIABLE = YES;
				LOCALIZATION_PREFERS_STRING_CATALOGS = YES;
				MTL_ENABLE_DEBUG_INFO = INCLUDE_SOURCE;
				MTL_FAST_MATH = YES;
				ONLY_ACTIVE_ARCH = YES;
				SWIFT_ACTIVE_COMPILATION_CONDITIONS = "DEBUG $(inherited)";
				SWIFT_OPTIMIZATION_LEVEL = "-Onone";
			};
			name = Debug;
		};
		5DC6AD6C2B8699110092CA51 /* Release */ = {
			isa = XCBuildConfiguration;
			buildSettings = {
				ALWAYS_SEARCH_USER_PATHS = NO;
				ASSETCATALOG_COMPILER_GENERATE_SWIFT_ASSET_SYMBOL_EXTENSIONS = YES;
				CLANG_ANALYZER_NONNULL = YES;
				CLANG_ANALYZER_NUMBER_OBJECT_CONVERSION = YES_AGGRESSIVE;
				CLANG_CXX_LANGUAGE_STANDARD = "gnu++20";
				CLANG_ENABLE_MODULES = YES;
				CLANG_ENABLE_OBJC_ARC = YES;
				CLANG_ENABLE_OBJC_WEAK = YES;
				CLANG_WARN_BLOCK_CAPTURE_AUTORELEASING = YES;
				CLANG_WARN_BOOL_CONVERSION = YES;
				CLANG_WARN_COMMA = YES;
				CLANG_WARN_CONSTANT_CONVERSION = YES;
				CLANG_WARN_DEPRECATED_OBJC_IMPLEMENTATIONS = YES;
				CLANG_WARN_DIRECT_OBJC_ISA_USAGE = YES_ERROR;
				CLANG_WARN_DOCUMENTATION_COMMENTS = YES;
				CLANG_WARN_EMPTY_BODY = YES;
				CLANG_WARN_ENUM_CONVERSION = YES;
				CLANG_WARN_INFINITE_RECURSION = YES;
				CLANG_WARN_INT_CONVERSION = YES;
				CLANG_WARN_NON_LITERAL_NULL_CONVERSION = YES;
				CLANG_WARN_OBJC_IMPLICIT_RETAIN_SELF = YES;
				CLANG_WARN_OBJC_LITERAL_CONVERSION = YES;
				CLANG_WARN_OBJC_ROOT_CLASS = YES_ERROR;
				CLANG_WARN_QUOTED_INCLUDE_IN_FRAMEWORK_HEADER = YES;
				CLANG_WARN_RANGE_LOOP_ANALYSIS = YES;
				CLANG_WARN_STRICT_PROTOTYPES = YES;
				CLANG_WARN_SUSPICIOUS_MOVE = YES;
				CLANG_WARN_UNGUARDED_AVAILABILITY = YES_AGGRESSIVE;
				CLANG_WARN_UNREACHABLE_CODE = YES;
				CLANG_WARN__DUPLICATE_METHOD_MATCH = YES;
				COPY_PHASE_STRIP = NO;
				DEBUG_INFORMATION_FORMAT = "dwarf-with-dsym";
				ENABLE_NS_ASSERTIONS = NO;
				ENABLE_STRICT_OBJC_MSGSEND = YES;
				ENABLE_USER_SCRIPT_SANDBOXING = YES;
				GCC_C_LANGUAGE_STANDARD = gnu17;
				GCC_NO_COMMON_BLOCKS = YES;
				GCC_WARN_64_TO_32_BIT_CONVERSION = YES;
				GCC_WARN_ABOUT_RETURN_TYPE = YES_ERROR;
				GCC_WARN_UNDECLARED_SELECTOR = YES;
				GCC_WARN_UNINITIALIZED_AUTOS = YES_AGGRESSIVE;
				GCC_WARN_UNUSED_FUNCTION = YES;
				GCC_WARN_UNUSED_VARIABLE = YES;
				LOCALIZATION_PREFERS_STRING_CATALOGS = YES;
				MTL_ENABLE_DEBUG_INFO = NO;
				MTL_FAST_MATH = YES;
				SWIFT_COMPILATION_MODE = wholemodule;
			};
			name = Release;
		};
		5DC6AD6E2B8699110092CA51 /* Debug */ = {
			isa = XCBuildConfiguration;
			buildSettings = {
				ASSETCATALOG_COMPILER_APPICON_NAME = AppIcon;
				ASSETCATALOG_COMPILER_GLOBAL_ACCENT_COLOR_NAME = AccentColor;
				CODE_SIGN_ENTITLEMENTS = GestionAhorrosSwift/GestionAhorrosSwift.entitlements;
				CODE_SIGN_STYLE = Automatic;
				CURRENT_PROJECT_VERSION = 1;
				DEVELOPMENT_ASSET_PATHS = "\"GestionAhorrosSwift/Preview Content\"";
				DEVELOPMENT_TEAM = AQDL7YTRZR;
				ENABLE_HARDENED_RUNTIME = YES;
				ENABLE_PREVIEWS = YES;
				GENERATE_INFOPLIST_FILE = YES;
				"INFOPLIST_KEY_UIApplicationSceneManifest_Generation[sdk=iphoneos*]" = YES;
				"INFOPLIST_KEY_UIApplicationSceneManifest_Generation[sdk=iphonesimulator*]" = YES;
				"INFOPLIST_KEY_UIApplicationSupportsIndirectInputEvents[sdk=iphoneos*]" = YES;
				"INFOPLIST_KEY_UIApplicationSupportsIndirectInputEvents[sdk=iphonesimulator*]" = YES;
				"INFOPLIST_KEY_UILaunchScreen_Generation[sdk=iphoneos*]" = YES;
				"INFOPLIST_KEY_UILaunchScreen_Generation[sdk=iphonesimulator*]" = YES;
				"INFOPLIST_KEY_UIStatusBarStyle[sdk=iphoneos*]" = UIStatusBarStyleDefault;
				"INFOPLIST_KEY_UIStatusBarStyle[sdk=iphonesimulator*]" = UIStatusBarStyleDefault;
				INFOPLIST_KEY_UISupportedInterfaceOrientations_iPad = "UIInterfaceOrientationPortrait UIInterfaceOrientationPortraitUpsideDown UIInterfaceOrientationLandscapeLeft UIInterfaceOrientationLandscapeRight";
				INFOPLIST_KEY_UISupportedInterfaceOrientations_iPhone = "UIInterfaceOrientationPortrait UIInterfaceOrientationLandscapeLeft UIInterfaceOrientationLandscapeRight";
				IPHONEOS_DEPLOYMENT_TARGET = 17.2;
				LD_RUNPATH_SEARCH_PATHS = "@executable_path/Frameworks";
				"LD_RUNPATH_SEARCH_PATHS[sdk=macosx*]" = "@executable_path/../Frameworks";
				MACOSX_DEPLOYMENT_TARGET = 14.1;
				MARKETING_VERSION = 1.0;
				PRODUCT_BUNDLE_IDENTIFIER = com.jjmf.ios.GestionAhorrosSwift;
				PRODUCT_NAME = "$(TARGET_NAME)";
				SDKROOT = auto;
				SUPPORTED_PLATFORMS = "iphoneos iphonesimulator macosx";
				SWIFT_EMIT_LOC_STRINGS = YES;
				SWIFT_VERSION = 5.0;
				TARGETED_DEVICE_FAMILY = "1,2";
			};
			name = Debug;
		};
		5DC6AD6F2B8699110092CA51 /* Release */ = {
			isa = XCBuildConfiguration;
			buildSettings = {
				ASSETCATALOG_COMPILER_APPICON_NAME = AppIcon;
				ASSETCATALOG_COMPILER_GLOBAL_ACCENT_COLOR_NAME = AccentColor;
				CODE_SIGN_ENTITLEMENTS = GestionAhorrosSwift/GestionAhorrosSwift.entitlements;
				CODE_SIGN_STYLE = Automatic;
				CURRENT_PROJECT_VERSION = 1;
				DEVELOPMENT_ASSET_PATHS = "\"GestionAhorrosSwift/Preview Content\"";
				DEVELOPMENT_TEAM = AQDL7YTRZR;
				ENABLE_HARDENED_RUNTIME = YES;
				ENABLE_PREVIEWS = YES;
				GENERATE_INFOPLIST_FILE = YES;
				"INFOPLIST_KEY_UIApplicationSceneManifest_Generation[sdk=iphoneos*]" = YES;
				"INFOPLIST_KEY_UIApplicationSceneManifest_Generation[sdk=iphonesimulator*]" = YES;
				"INFOPLIST_KEY_UIApplicationSupportsIndirectInputEvents[sdk=iphoneos*]" = YES;
				"INFOPLIST_KEY_UIApplicationSupportsIndirectInputEvents[sdk=iphonesimulator*]" = YES;
				"INFOPLIST_KEY_UILaunchScreen_Generation[sdk=iphoneos*]" = YES;
				"INFOPLIST_KEY_UILaunchScreen_Generation[sdk=iphonesimulator*]" = YES;
				"INFOPLIST_KEY_UIStatusBarStyle[sdk=iphoneos*]" = UIStatusBarStyleDefault;
				"INFOPLIST_KEY_UIStatusBarStyle[sdk=iphonesimulator*]" = UIStatusBarStyleDefault;
				INFOPLIST_KEY_UISupportedInterfaceOrientations_iPad = "UIInterfaceOrientationPortrait UIInterfaceOrientationPortraitUpsideDown UIInterfaceOrientationLandscapeLeft UIInterfaceOrientationLandscapeRight";
				INFOPLIST_KEY_UISupportedInterfaceOrientations_iPhone = "UIInterfaceOrientationPortrait UIInterfaceOrientationLandscapeLeft UIInterfaceOrientationLandscapeRight";
				IPHONEOS_DEPLOYMENT_TARGET = 17.2;
				LD_RUNPATH_SEARCH_PATHS = "@executable_path/Frameworks";
				"LD_RUNPATH_SEARCH_PATHS[sdk=macosx*]" = "@executable_path/../Frameworks";
				MACOSX_DEPLOYMENT_TARGET = 14.1;
				MARKETING_VERSION = 1.0;
				PRODUCT_BUNDLE_IDENTIFIER = com.jjmf.ios.GestionAhorrosSwift;
				PRODUCT_NAME = "$(TARGET_NAME)";
				SDKROOT = auto;
				SUPPORTED_PLATFORMS = "iphoneos iphonesimulator macosx";
				SWIFT_EMIT_LOC_STRINGS = YES;
				SWIFT_VERSION = 5.0;
				TARGETED_DEVICE_FAMILY = "1,2";
			};
			name = Release;
		};
/* End XCBuildConfiguration section */

/* Begin XCConfigurationList section */
		5DC6AD592B8699100092CA51 /* Build configuration list for PBXProject "GestionAhorrosSwift" */ = {
			isa = XCConfigurationList;
			buildConfigurations = (
				5DC6AD6B2B8699110092CA51 /* Debug */,
				5DC6AD6C2B8699110092CA51 /* Release */,
			);
			defaultConfigurationIsVisible = 0;
			defaultConfigurationName = Release;
		};
		5DC6AD6D2B8699110092CA51 /* Build configuration list for PBXNativeTarget "GestionAhorrosSwift" */ = {
			isa = XCConfigurationList;
			buildConfigurations = (
				5DC6AD6E2B8699110092CA51 /* Debug */,
				5DC6AD6F2B8699110092CA51 /* Release */,
			);
			defaultConfigurationIsVisible = 0;
			defaultConfigurationName = Release;
		};
/* End XCConfigurationList section */
	};
	rootObject = 5DC6AD562B8699100092CA51 /* Project object */;
}
